
Microsoft Visual Studio Solution File, Format Version 12.00
# Visual Studio Version 17
VisualStudioVersion = 17.0.31903.59
MinimumVisualStudioVersion = 10.0.40219.1
Project("{2150E333-8FDC-42A3-9474-1A3956D46DE8}") = "src", "src", "{18BF5D6F-7805-40AC-BB74-A3467100721C}"
EndProject
Project("{FAE04EC0-301F-11D3-BF4B-00C04F79EFBC}") = "Emaus.Domain", "src\Emaus.Domain\Emaus.Domain.csproj", "{9EC6E013-46C9-4E2F-BBE0-10DCC3728D04}"
EndProject
Project("{FAE04EC0-301F-11D3-BF4B-00C04F79EFBC}") = "Emaus.Infrastructure", "src\Emaus.Infrastructure\Emaus.Infrastructure.csproj", "{AC1A6A09-1FC8-4966-A5C2-AC7F8A7735BF}"
EndProject
Project("{FAE04EC0-301F-11D3-BF4B-00C04F79EFBC}") = "Emaus.Api", "src\Emaus.Api\Emaus.Api.csproj", "{99896DA8-BD9E-47EC-9DF2-8B4A37FB3C5A}"
EndProject
Project("{2150E333-8FDC-42A3-9474-1A3956D46DE8}") = "tests", "tests", "{0AB3BF05-4346-4AA6-1389-037BE0695223}"
EndProject
Project("{FAE04EC0-301F-11D3-BF4B-00C04F79EFBC}") = "Emaus.Api.Tests", "tests\Emaus.Api.Tests\Emaus.Api.Tests.csproj", "{7E1D1E87-C9E1-478F-BE95-1692C3E2818C}"
EndProject
Global
	GlobalSection(SolutionConfigurationPlatforms) = preSolution
		Debug|Any CPU = Debug|Any CPU
		Debug|x64 = Debug|x64
		Debug|x86 = Debug|x86
		Release|Any CPU = Release|Any CPU
		Release|x64 = Release|x64
		Release|x86 = Release|x86
	EndGlobalSection
	GlobalSection(ProjectConfigurationPlatforms) = postSolution
		{9EC6E013-46C9-4E2F-BBE0-10DCC3728D04}.Debug|Any CPU.ActiveCfg = Debug|Any CPU
		{9EC6E013-46C9-4E2F-BBE0-10DCC3728D04}.Debug|Any CPU.Build.0 = Debug|Any CPU
		{9EC6E013-46C9-4E2F-BBE0-10DCC3728D04}.Debug|x64.ActiveCfg = Debug|Any CPU
		{9EC6E013-46C9-4E2F-BBE0-10DCC3728D04}.Debug|x64.Build.0 = Debug|Any CPU
		{9EC6E013-46C9-4E2F-BBE0-10DCC3728D04}.Debug|x86.ActiveCfg = Debug|Any CPU
		{9EC6E013-46C9-4E2F-BBE0-10DCC3728D04}.Debug|x86.Build.0 = Debug|Any CPU
		{9EC6E013-46C9-4E2F-BBE0-10DCC3728D04}.Release|Any CPU.ActiveCfg = Release|Any CPU
		{9EC6E013-46C9-4E2F-BBE0-10DCC3728D04}.Release|Any CPU.Build.0 = Release|Any CPU
		{9EC6E013-46C9-4E2F-BBE0-10DCC3728D04}.Release|x64.ActiveCfg = Release|Any CPU
		{9EC6E013-46C9-4E2F-BBE0-10DCC3728D04}.Release|x64.Build.0 = Release|Any CPU
		{9EC6E013-46C9-4E2F-BBE0-10DCC3728D04}.Release|x86.ActiveCfg = Release|Any CPU
		{9EC6E013-46C9-4E2F-BBE0-10DCC3728D04}.Release|x86.Build.0 = Release|Any CPU
		{AC1A6A09-1FC8-4966-A5C2-AC7F8A7735BF}.Debug|Any CPU.ActiveCfg = Debug|Any CPU
		{AC1A6A09-1FC8-4966-A5C2-AC7F8A7735BF}.Debug|Any CPU.Build.0 = Debug|Any CPU
		{AC1A6A09-1FC8-4966-A5C2-AC7F8A7735BF}.Debug|x64.ActiveCfg = Debug|Any CPU
		{AC1A6A09-1FC8-4966-A5C2-AC7F8A7735BF}.Debug|x64.Build.0 = Debug|Any CPU
		{AC1A6A09-1FC8-4966-A5C2-AC7F8A7735BF}.Debug|x86.ActiveCfg = Debug|Any CPU
		{AC1A6A09-1FC8-4966-A5C2-AC7F8A7735BF}.Debug|x86.Build.0 = Debug|Any CPU
		{AC1A6A09-1FC8-4966-A5C2-AC7F8A7735BF}.Release|Any CPU.ActiveCfg = Release|Any CPU
		{AC1A6A09-1FC8-4966-A5C2-AC7F8A7735BF}.Release|Any CPU.Build.0 = Release|Any CPU
		{AC1A6A09-1FC8-4966-A5C2-AC7F8A7735BF}.Release|x64.ActiveCfg = Release|Any CPU
		{AC1A6A09-1FC8-4966-A5C2-AC7F8A7735BF}.Release|x64.Build.0 = Release|Any CPU
		{AC1A6A09-1FC8-4966-A5C2-AC7F8A7735BF}.Release|x86.ActiveCfg = Release|Any CPU
		{AC1A6A09-1FC8-4966-A5C2-AC7F8A7735BF}.Release|x86.Build.0 = Release|Any CPU
		{99896DA8-BD9E-47EC-9DF2-8B4A37FB3C5A}.Debug|Any CPU.ActiveCfg = Debug|Any CPU
		{99896DA8-BD9E-47EC-9DF2-8B4A37FB3C5A}.Debug|Any CPU.Build.0 = Debug|Any CPU
		{99896DA8-BD9E-47EC-9DF2-8B4A37FB3C5A}.Debug|x64.ActiveCfg = Debug|Any CPU
		{99896DA8-BD9E-47EC-9DF2-8B4A37FB3C5A}.Debug|x64.Build.0 = Debug|Any CPU
		{99896DA8-BD9E-47EC-9DF2-8B4A37FB3C5A}.Debug|x86.ActiveCfg = Debug|Any CPU
		{99896DA8-BD9E-47EC-9DF2-8B4A37FB3C5A}.Debug|x86.Build.0 = Debug|Any CPU
		{99896DA8-BD9E-47EC-9DF2-8B4A37FB3C5A}.Release|Any CPU.ActiveCfg = Release|Any CPU
		{99896DA8-BD9E-47EC-9DF2-8B4A37FB3C5A}.Release|Any CPU.Build.0 = Release|Any CPU
		{99896DA8-BD9E-47EC-9DF2-8B4A37FB3C5A}.Release|x64.ActiveCfg = Release|Any CPU
		{99896DA8-BD9E-47EC-9DF2-8B4A37FB3C5A}.Release|x64.Build.0 = Release|Any CPU
		{99896DA8-BD9E-47EC-9DF2-8B4A37FB3C5A}.Release|x86.ActiveCfg = Release|Any CPU
		{99896DA8-BD9E-47EC-9DF2-8B4A37FB3C5A}.Release|x86.Build.0 = Release|Any CPU
		{7E1D1E87-C9E1-478F-BE95-1692C3E2818C}.Debug|Any CPU.ActiveCfg = Debug|Any CPU
		{7E1D1E87-C9E1-478F-BE95-1692C3E2818C}.Debug|Any CPU.Build.0 = Debug|Any CPU
		{7E1D1E87-C9E1-478F-BE95-1692C3E2818C}.Debug|x64.ActiveCfg = Debug|Any CPU
		{7E1D1E87-C9E1-478F-BE95-1692C3E2818C}.Debug|x64.Build.0 = Debug|Any CPU
		{7E1D1E87-C9E1-478F-BE95-1692C3E2818C}.Debug|x86.ActiveCfg = Debug|Any CPU
		{7E1D1E87-C9E1-478F-BE95-1692C3E2818C}.Debug|x86.Build.0 = Debug|Any CPU
		{7E1D1E87-C9E1-478F-BE95-1692C3E2818C}.Release|Any CPU.ActiveCfg = Release|Any CPU
		{7E1D1E87-C9E1-478F-BE95-1692C3E2818C}.Release|Any CPU.Build.0 = Release|Any CPU
		{7E1D1E87-C9E1-478F-BE95-1692C3E2818C}.Release|x64.ActiveCfg = Release|Any CPU
		{7E1D1E87-C9E1-478F-BE95-1692C3E2818C}.Release|x64.Build.0 = Release|Any CPU
		{7E1D1E87-C9E1-478F-BE95-1692C3E2818C}.Release|x86.ActiveCfg = Release|Any CPU
		{7E1D1E87-C9E1-478F-BE95-1692C3E2818C}.Release|x86.Build.0 = Release|Any CPU
	EndGlobalSection
	GlobalSection(SolutionProperties) = preSolution
		HideSolutionNode = FALSE
	EndGlobalSection
	GlobalSection(NestedProjects) = preSolution
		{9EC6E013-46C9-4E2F-BBE0-10DCC3728D04} = {18BF5D6F-7805-40AC-BB74-A3467100721C}
		{AC1A6A09-1FC8-4966-A5C2-AC7F8A7735BF} = {18BF5D6F-7805-40AC-BB74-A3467100721C}
		{99896DA8-BD9E-47EC-9DF2-8B4A37FB3C5A} = {18BF5D6F-7805-40AC-BB74-A3467100721C}
		{7E1D1E87-C9E1-478F-BE95-1692C3E2818C} = {0AB3BF05-4346-4AA6-1389-037BE0695223}
	EndGlobalSection
EndGlobal
